// !$*UTF8*$!
{
	archiveVersion = 1;
	classes = {
	};
	objectVersion = 50;
	objects = {

/* Begin PBXBuildFile section */
		F566A3F225B598DF00F5D2AF /* AppDelegate.swift in Sources */ = {isa = PBXBuildFile; fileRef = F566A3F125B598DF00F5D2AF /* AppDelegate.swift */; };
		F566A3F425B598DF00F5D2AF /* SceneDelegate.swift in Sources */ = {isa = PBXBuildFile; fileRef = F566A3F325B598DF00F5D2AF /* SceneDelegate.swift */; };
		F566A3F625B598DF00F5D2AF /* ViewController.swift in Sources */ = {isa = PBXBuildFile; fileRef = F566A3F525B598DF00F5D2AF /* ViewController.swift */; };
		F566A3F925B598DF00F5D2AF /* Main.storyboard in Resources */ = {isa = PBXBuildFile; fileRef = F566A3F725B598DF00F5D2AF /* Main.storyboard */; };
		F566A3FB25B598E100F5D2AF /* Assets.xcassets in Resources */ = {isa = PBXBuildFile; fileRef = F566A3FA25B598E100F5D2AF /* Assets.xcassets */; };
		F566A3FE25B598E100F5D2AF /* LaunchScreen.storyboard in Resources */ = {isa = PBXBuildFile; fileRef = F566A3FC25B598E100F5D2AF /* LaunchScreen.storyboard */; };
/* End PBXBuildFile section */

/* Begin PBXFileReference section */
		F566A3EE25B598DF00F5D2AF /* Homework--3.app */ = {isa = PBXFileReference; explicitFileType = wrapper.application; includeInIndex = 0; path = "Homework--3.app"; sourceTree = BUILT_PRODUCTS_DIR; };
		F566A3F125B598DF00F5D2AF /* AppDelegate.swift */ = {isa = PBXFileReference; lastKnownFileType = sourcecode.swift; path = AppDelegate.swift; sourceTree = "<group>"; };
		F566A3F325B598DF00F5D2AF /* SceneDelegate.swift */ = {isa = PBXFileReference; lastKnownFileType = sourcecode.swift; path = SceneDelegate.swift; sourceTree = "<group>"; };
		F566A3F525B598DF00F5D2AF /* ViewController.swift */ = {isa = PBXFileReference; lastKnownFileType = sourcecode.swift; path = ViewController.swift; sourceTree = "<group>"; };
		F566A3F825B598DF00F5D2AF /* Base */ = {isa = PBXFileReference; lastKnownFileType = file.storyboard; name = Base; path = Base.lproj/Main.storyboard; sourceTree = "<group>"; };
		F566A3FA25B598E100F5D2AF /* Assets.xcassets */ = {isa = PBXFileReference; lastKnownFileType = folder.assetcatalog; path = Assets.xcassets; sourceTree = "<group>"; };
		F566A3FD25B598E100F5D2AF /* Base */ = {isa = PBXFileReference; lastKnownFileType = file.storyboard; name = Base; path = Base.lproj/LaunchScreen.storyboard; sourceTree = "<group>"; };
		F566A3FF25B598E100F5D2AF /* Info.plist */ = {isa = PBXFileReference; lastKnownFileType = text.plist.xml; path = Info.plist; sourceTree = "<group>"; };
/* End PBXFileReference section */

/* Begin PBXFrameworksBuildPhase section */
		F566A3EB25B598DF00F5D2AF /* Frameworks */ = {
			isa = PBXFrameworksBuildPhase;
			buildActionMask = 2147483647;
			files = (
			);
			runOnlyForDeploymentPostprocessing = 0;
		};
/* End PBXFrameworksBuildPhase section */

/* Begin PBXGroup section */
		F566A3E525B598DF00F5D2AF = {
			isa = PBXGroup;
			children = (
				F566A3F025B598DF00F5D2AF /* Homework--3 */,
				F566A3EF25B598DF00F5D2AF /* Products */,
			);
			sourceTree = "<group>";
		};
		F566A3EF25B598DF00F5D2AF /* Products */ = {
			isa = PBXGroup;
			children = (
				F566A3EE25B598DF00F5D2AF /* Homework--3.app */,
			);
			name = Products;
			sourceTree = "<group>";
		};
		F566A3F025B598DF00F5D2AF /* Homework--3 */ = {
			isa = PBXGroup;
			children = (
				F566A3F125B598DF00F5D2AF /* AppDelegate.swift */,
				F566A3F325B598DF00F5D2AF /* SceneDelegate.swift */,
				F566A3F525B598DF00F5D2AF /* ViewController.swift */,
				F566A3F725B598DF00F5D2AF /* Main.storyboard */,
				F566A3FA25B598E100F5D2AF /* Assets.xcassets */,
				F566A3FC25B598E100F5D2AF /* LaunchScreen.storyboard */,
				F566A3FF25B598E100F5D2AF /* Info.plist */,
			);
			path = "Homework--3";
			sourceTree = "<group>";
		};
/* End PBXGroup section */

/* Begin PBXNativeTarget section */
		F566A3ED25B598DF00F5D2AF /* Homework--3 */ = {
			isa = PBXNativeTarget;
			buildConfigurationList = F566A40225B598E100F5D2AF /* Build configuration list for PBXNativeTarget "Homework--3" */;
			buildPhases = (
				F566A3EA25B598DF00F5D2AF /* Sources */,
				F566A3EB25B598DF00F5D2AF /* Frameworks */,
				F566A3EC25B598DF00F5D2AF /* Resources */,
			);
			buildRules = (
			);
			dependencies = (
			);
			name = "Homework--3";
			productName = "Homework--3";
			productReference = F566A3EE25B598DF00F5D2AF /* Homework--3.app */;
			productType = "com.apple.product-type.application";
		};
/* End PBXNativeTarget section */

/* Begin PBXProject section */
		F566A3E625B598DF00F5D2AF /* Project object */ = {
			isa = PBXProject;
			attributes = {
				LastSwiftUpdateCheck = 1230;
				LastUpgradeCheck = 1230;
				TargetAttributes = {
					F566A3ED25B598DF00F5D2AF = {
						CreatedOnToolsVersion = 12.3;
					};
				};
			};
			buildConfigurationList = F566A3E925B598DF00F5D2AF /* Build configuration list for PBXProject "Homework--3" */;
			compatibilityVersion = "Xcode 9.3";
			developmentRegion = en;
			hasScannedForEncodings = 0;
			knownRegions = (
				en,
				Base,
			);
			mainGroup = F566A3E525B598DF00F5D2AF;
			productRefGroup = F566A3EF25B598DF00F5D2AF /* Products */;
			projectDirPath = "";
			projectRoot = "";
			targets = (
				F566A3ED25B598DF00F5D2AF /* Homework--3 */,
			);
		};
/* End PBXProject section */

/* Begin PBXResourcesBuildPhase section */
		F566A3EC25B598DF00F5D2AF /* Resources */ = {
			isa = PBXResourcesBuildPhase;
			buildActionMask = 2147483647;
			files = (
				F566A3FE25B598E100F5D2AF /* LaunchScreen.storyboard in Resources */,
				F566A3FB25B598E100F5D2AF /* Assets.xcassets in Resources */,
				F566A3F925B598DF00F5D2AF /* Main.storyboard in Resources */,
			);
			runOnlyForDeploymentPostprocessing = 0;
		};
/* End PBXResourcesBuildPhase section */

/* Begin PBXSourcesBuildPhase section */
		F566A3EA25B598DF00F5D2AF /* Sources */ = {
			isa = PBXSourcesBuildPhase;
			buildActionMask = 2147483647;
			files = (
				F566A3F625B598DF00F5D2AF /* ViewController.swift in Sources */,
				F566A3F225B598DF00F5D2AF /* AppDelegate.swift in Sources */,
				F566A3F425B598DF00F5D2AF /* SceneDelegate.swift in Sources */,
			);
			runOnlyForDeploymentPostprocessing = 0;
		};
/* End PBXSourcesBuildPhase section */

/* Begin PBXVariantGroup section */
		F566A3F725B598DF00F5D2AF /* Main.storyboard */ = {
			isa = PBXVariantGroup;
			children = (
				F566A3F825B598DF00F5D2AF /* Base */,
			);
			name = Main.storyboard;
			sourceTree = "<group>";
		};
		F566A3FC25B598E100F5D2AF /* LaunchScreen.storyboard */ = {
			isa = PBXVariantGroup;
			children = (
				F566A3FD25B598E100F5D2AF /* Base */,
			);
			name = LaunchScreen.storyboard;
			sourceTree = "<group>";
		};
/* End PBXVariantGroup section */

/* Begin XCBuildConfiguration section */
		F566A40025B598E100F5D2AF /* Debug */ = {
			isa = XCBuildConfiguration;
			buildSettings = {
				ALWAYS_SEARCH_USER_PATHS = NO;
				CLANG_ANALYZER_NONNULL = YES;
				CLANG_ANALYZER_NUMBER_OBJECT_CONVERSION = YES_AGGRESSIVE;
				CLANG_CXX_LANGUAGE_STANDARD = "gnu++14";
				CLANG_CXX_LIBRARY = "libc++";
				CLANG_ENABLE_MODULES = YES;
				CLANG_ENABLE_OBJC_ARC = YES;
				CLANG_ENABLE_OBJC_WEAK = YES;
				CLANG_WARN_BLOCK_CAPTURE_AUTORELEASING = YES;
				CLANG_WARN_BOOL_CONVERSION = YES;
				CLANG_WARN_COMMA = YES;
				CLANG_WARN_CONSTANT_CONVERSION = YES;
				CLANG_WARN_DEPRECATED_OBJC_IMPLEMENTATIONS = YES;
				CLANG_WARN_DIRECT_OBJC_ISA_USAGE = YES_ERROR;
				CLANG_WARN_DOCUMENTATION_COMMENTS = YES;
				CLANG_WARN_EMPTY_BODY = YES;
				CLANG_WARN_ENUM_CONVERSION = YES;
				CLANG_WARN_INFINITE_RECURSION = YES;
				CLANG_WARN_INT_CONVERSION = YES;
				CLANG_WARN_NON_LITERAL_NULL_CONVERSION = YES;
				CLANG_WARN_OBJC_IMPLICIT_RETAIN_SELF = YES;
				CLANG_WARN_OBJC_LITERAL_CONVERSION = YES;
				CLANG_WARN_OBJC_ROOT_CLASS = YES_ERROR;
				CLANG_WARN_QUOTED_INCLUDE_IN_FRAMEWORK_HEADER = YES;
				CLANG_WARN_RANGE_LOOP_ANALYSIS = YES;
				CLANG_WARN_STRICT_PROTOTYPES = YES;
				CLANG_WARN_SUSPICIOUS_MOVE = YES;
				CLANG_WARN_UNGUARDED_AVAILABILITY = YES_AGGRESSIVE;
				CLANG_WARN_UNREACHABLE_CODE = YES;
				CLANG_WARN__DUPLICATE_METHOD_MATCH = YES;
				COPY_PHASE_STRIP = NO;
				DEBUG_INFORMATION_FORMAT = dwarf;
				ENABLE_STRICT_OBJC_MSGSEND = YES;
				ENABLE_TESTABILITY = YES;
				GCC_C_LANGUAGE_STANDARD = gnu11;
				GCC_DYNAMIC_NO_PIC = NO;
				GCC_NO_COMMON_BLOCKS = YES;
				GCC_OPTIMIZATION_LEVEL = 0;
				GCC_PREPROCESSOR_DEFINITIONS = (
					"DEBUG=1",
					"$(inherited)",
				);
				GCC_WARN_64_TO_32_BIT_CONVERSION = YES;
				GCC_WARN_ABOUT_RETURN_TYPE = YES_ERROR;
				GCC_WARN_UNDECLARED_SELECTOR = YES;
				GCC_WARN_UNINITIALIZED_AUTOS = YES_AGGRESSIVE;
				GCC_WARN_UNUSED_FUNCTION = YES;
				GCC_WARN_UNUSED_VARIABLE = YES;
				IPHONEOS_DEPLOYMENT_TARGET = 14.3;
				MTL_ENABLE_DEBUG_INFO = INCLUDE_SOURCE;
				MTL_FAST_MATH = YES;
				ONLY_ACTIVE_ARCH = YES;
				SDKROOT = iphoneos;
				SWIFT_ACTIVE_COMPILATION_CONDITIONS = DEBUG;
				SWIFT_OPTIMIZATION_LEVEL = "-Onone";
			};
			name = Debug;
		};
		F566A40125B598E100F5D2AF /* Release */ = {
			isa = XCBuildConfiguration;
			buildSettings = {
				ALWAYS_SEARCH_USER_PATHS = NO;
				CLANG_ANALYZER_NONNULL = YES;
				CLANG_ANALYZER_NUMBER_OBJECT_CONVERSION = YES_AGGRESSIVE;
				CLANG_CXX_LANGUAGE_STANDARD = "gnu++14";
				CLANG_CXX_LIBRARY = "libc++";
				CLANG_ENABLE_MODULES = YES;
				CLANG_ENABLE_OBJC_ARC = YES;
				CLANG_ENABLE_OBJC_WEAK = YES;
				CLANG_WARN_BLOCK_CAPTURE_AUTORELEASING = YES;
				CLANG_WARN_BOOL_CONVERSION = YES;
				CLANG_WARN_COMMA = YES;
				CLANG_WARN_CONSTANT_CONVERSION = YES;
				CLANG_WARN_DEPRECATED_OBJC_IMPLEMENTATIONS = YES;
				CLANG_WARN_DIRECT_OBJC_ISA_USAGE = YES_ERROR;
				CLANG_WARN_DOCUMENTATION_COMMENTS = YES;
				CLANG_WARN_EMPTY_BODY = YES;
				CLANG_WARN_ENUM_CONVERSION = YES;
				CLANG_WARN_INFINITE_RECURSION = YES;
				CLANG_WARN_INT_CONVERSION = YES;
				CLANG_WARN_NON_LITERAL_NULL_CONVERSION = YES;
				CLANG_WARN_OBJC_IMPLICIT_RETAIN_SELF = YES;
				CLANG_WARN_OBJC_LITERAL_CONVERSION = YES;
				CLANG_WARN_OBJC_ROOT_CLASS = YES_ERROR;
				CLANG_WARN_QUOTED_INCLUDE_IN_FRAMEWORK_HEADER = YES;
				CLANG_WARN_RANGE_LOOP_ANALYSIS = YES;
				CLANG_WARN_STRICT_PROTOTYPES = YES;
				CLANG_WARN_SUSPICIOUS_MOVE = YES;
				CLANG_WARN_UNGUARDED_AVAILABILITY = YES_AGGRESSIVE;
				CLANG_WARN_UNREACHABLE_CODE = YES;
				CLANG_WARN__DUPLICATE_METHOD_MATCH = YES;
				COPY_PHASE_STRIP = NO;
				DEBUG_INFORMATION_FORMAT = "dwarf-with-dsym";
				ENABLE_NS_ASSERTIONS = NO;
				ENABLE_STRICT_OBJC_MSGSEND = YES;
				GCC_C_LANGUAGE_STANDARD = gnu11;
				GCC_NO_COMMON_BLOCKS = YES;
				GCC_WARN_64_TO_32_BIT_CONVERSION = YES;
				GCC_WARN_ABOUT_RETURN_TYPE = YES_ERROR;
				GCC_WARN_UNDECLARED_SELECTOR = YES;
				GCC_WARN_UNINITIALIZED_AUTOS = YES_AGGRESSIVE;
				GCC_WARN_UNUSED_FUNCTION = YES;
				GCC_WARN_UNUSED_VARIABLE = YES;
				IPHONEOS_DEPLOYMENT_TARGET = 14.3;
				MTL_ENABLE_DEBUG_INFO = NO;
				MTL_FAST_MATH = YES;
				SDKROOT = iphoneos;
				SWIFT_COMPILATION_MODE = wholemodule;
				SWIFT_OPTIMIZATION_LEVEL = "-O";
				VALIDATE_PRODUCT = YES;
			};
			name = Release;
		};
		F566A40325B598E100F5D2AF /* Debug */ = {
			isa = XCBuildConfiguration;
			buildSettings = {
				ASSETCATALOG_COMPILER_APPICON_NAME = AppIcon;
				ASSETCATALOG_COMPILER_GLOBAL_ACCENT_COLOR_NAME = AccentColor;
				CODE_SIGN_STYLE = Automatic;
				DEVELOPMENT_TEAM = H7CCL9H6VM;
				INFOPLIST_FILE = "Homework--3/Info.plist";
				LD_RUNPATH_SEARCH_PATHS = (
					"$(inherited)",
					"@executable_path/Frameworks",
				);
				PRODUCT_BUNDLE_IDENTIFIER = "com.works.Homework--3";
				PRODUCT_NAME = "$(TARGET_NAME)";
				SWIFT_VERSION = 5.0;
				TARGETED_DEVICE_FAMILY = "1,2";
			};
			name = Debug;
		};
		F566A40425B598E100F5D2AF /* Release */ = {
			isa = XCBuildConfiguration;
			buildSettings = {
				ASSETCATALOG_COMPILER_APPICON_NAME = AppIcon;
				ASSETCATALOG_COMPILER_GLOBAL_ACCENT_COLOR_NAME = AccentColor;
				CODE_SIGN_STYLE = Automatic;
				DEVELOPMENT_TEAM = H7CCL9H6VM;
				INFOPLIST_FILE = "Homework--3/Info.plist";
				LD_RUNPATH_SEARCH_PATHS = (
					"$(inherited)",
					"@executable_path/Frameworks",
				);
				PRODUCT_BUNDLE_IDENTIFIER = "com.works.Homework--3";
				PRODUCT_NAME = "$(TARGET_NAME)";
				SWIFT_VERSION = 5.0;
				TARGETED_DEVICE_FAMILY = "1,2";
			};
			name = Release;
		};
/* End XCBuildConfiguration section */

/* Begin XCConfigurationList section */
		F566A3E925B598DF00F5D2AF /* Build configuration list for PBXProject "Homework--3" */ = {
			isa = XCConfigurationList;
			buildConfigurations = (
				F566A40025B598E100F5D2AF /* Debug */,
				F566A40125B598E100F5D2AF /* Release */,
			);
			defaultConfigurationIsVisible = 0;
			defaultConfigurationName = Release;
		};
		F566A40225B598E100F5D2AF /* Build configuration list for PBXNativeTarget "Homework--3" */ = {
			isa = XCConfigurationList;
			buildConfigurations = (
				F566A40325B598E100F5D2AF /* Debug */,
				F566A40425B598E100F5D2AF /* Release */,
			);
			defaultConfigurationIsVisible = 0;
			defaultConfigurationName = Release;
		};
/* End XCConfigurationList section */
	};
	rootObject = F566A3E625B598DF00F5D2AF /* Project object */;
}
